
Microsoft Visual Studio Solution File, Format Version 12.00
# Visual Studio 14
VisualStudioVersion = 14.0.24720.0
MinimumVisualStudioVersion = 10.0.40219.1
Project("{FAE04EC0-301F-11D3-BF4B-00C04F79EFBC}") = "Sortable-Collection", "Sortable-Collection\Sortable-Collection.csproj", "{9780416E-7F30-4257-A076-FDF96077B6A5}"
EndProject
Project("{FAE04EC0-301F-11D3-BF4B-00C04F79EFBC}") = "07.Words", "07.Words\07.Words.csproj", "{B7F3F16A-F570-4DE1-B4FC-4655FC551605}"
EndProject
Project("{FAE04EC0-301F-11D3-BF4B-00C04F79EFBC}") = "08.Needles", "08.Needles\08.Needles.csproj", "{70807B75-5436-4C26-AFF0-D0B34D648165}"
EndProject
Project("{FAE04EC0-301F-11D3-BF4B-00C04F79EFBC}") = "Sortable-Collection.Tests", "Sortable-Collection.Tests\Sortable-Collection.Tests.csproj", "{2F7F8815-E614-44EE-85B8-804C2CF3F17E}"
EndProject
Global
	GlobalSection(SolutionConfigurationPlatforms) = preSolution
		Debug|Any CPU = Debug|Any CPU
		Release|Any CPU = Release|Any CPU
	EndGlobalSection
	GlobalSection(ProjectConfigurationPlatforms) = postSolution
		{9780416E-7F30-4257-A076-FDF96077B6A5}.Debug|Any CPU.ActiveCfg = Debug|Any CPU
		{9780416E-7F30-4257-A076-FDF96077B6A5}.Debug|Any CPU.Build.0 = Debug|Any CPU
		{9780416E-7F30-4257-A076-FDF96077B6A5}.Release|Any CPU.ActiveCfg = Release|Any CPU
		{9780416E-7F30-4257-A076-FDF96077B6A5}.Release|Any CPU.Build.0 = Release|Any CPU
		{B7F3F16A-F570-4DE1-B4FC-4655FC551605}.Debug|Any CPU.ActiveCfg = Debug|Any CPU
		{B7F3F16A-F570-4DE1-B4FC-4655FC551605}.Debug|Any CPU.Build.0 = Debug|Any CPU
		{B7F3F16A-F570-4DE1-B4FC-4655FC551605}.Release|Any CPU.ActiveCfg = Release|Any CPU
		{B7F3F16A-F570-4DE1-B4FC-4655FC551605}.Release|Any CPU.Build.0 = Release|Any CPU
		{70807B75-5436-4C26-AFF0-D0B34D648165}.Debug|Any CPU.ActiveCfg = Debug|Any CPU
		{70807B75-5436-4C26-AFF0-D0B34D648165}.Debug|Any CPU.Build.0 = Debug|Any CPU
		{70807B75-5436-4C26-AFF0-D0B34D648165}.Release|Any CPU.ActiveCfg = Release|Any CPU
		{70807B75-5436-4C26-AFF0-D0B34D648165}.Release|Any CPU.Build.0 = Release|Any CPU
		{2F7F8815-E614-44EE-85B8-804C2CF3F17E}.Debug|Any CPU.ActiveCfg = Debug|Any CPU
		{2F7F8815-E614-44EE-85B8-804C2CF3F17E}.Debug|Any CPU.Build.0 = Debug|Any CPU
		{2F7F8815-E614-44EE-85B8-804C2CF3F17E}.Release|Any CPU.ActiveCfg = Release|Any CPU
		{2F7F8815-E614-44EE-85B8-804C2CF3F17E}.Release|Any CPU.Build.0 = Release|Any CPU
	EndGlobalSection
	GlobalSection(SolutionProperties) = preSolution
		HideSolutionNode = FALSE
	EndGlobalSection
EndGlobal
