
Microsoft Visual Studio Solution File, Format Version 12.00
# Visual Studio 14
VisualStudioVersion = 14.0.24720.0
MinimumVisualStudioVersion = 10.0.40219.1
Project("{FAE04EC0-301F-11D3-BF4B-00C04F79EFBC}") = "01.Sequences of Limited Sum", "01.Sequences of Limited Sum\01.Sequences of Limited Sum.csproj", "{509D27C0-9223-4E14-9CB5-75456319BBD0}"
EndProject
Project("{FAE04EC0-301F-11D3-BF4B-00C04F79EFBC}") = "02.Non-Crossing Bridges", "02.Non-Crossing Bridges\02.Non-Crossing Bridges.csproj", "{5E2BA52D-8255-4EBA-A142-28BB623E762D}"
EndProject
Project("{FAE04EC0-301F-11D3-BF4B-00C04F79EFBC}") = "03.Message Sharing", "03.Message Sharing\03.Message Sharing.csproj", "{C2A74569-4E1A-4327-BCF9-BD14CDC1F158}"
EndProject
Project("{FAE04EC0-301F-11D3-BF4B-00C04F79EFBC}") = "04.Nested Rectangles", "04.Nested Rectangles\04.Nested Rectangles.csproj", "{C74CB993-1169-4AFA-8BBF-94CE7A1EC515}"
EndProject
Project("{FAE04EC0-301F-11D3-BF4B-00C04F79EFBC}") = "04.Nested Rectangles 2", "04.Nested Rectangles 2\04.Nested Rectangles 2.csproj", "{22FFAAA3-1116-4CD2-92BD-0D3BFA35399A}"
EndProject
Project("{FAE04EC0-301F-11D3-BF4B-00C04F79EFBC}") = "04.Nested Rectangles Generator", "04.NestedRectanglesGenerator\04.Nested Rectangles Generator.csproj", "{E953E60A-1FAD-455A-BB77-4B46398C7150}"
EndProject
Global
	GlobalSection(SolutionConfigurationPlatforms) = preSolution
		Debug|Any CPU = Debug|Any CPU
		Release|Any CPU = Release|Any CPU
	EndGlobalSection
	GlobalSection(ProjectConfigurationPlatforms) = postSolution
		{509D27C0-9223-4E14-9CB5-75456319BBD0}.Debug|Any CPU.ActiveCfg = Debug|Any CPU
		{509D27C0-9223-4E14-9CB5-75456319BBD0}.Debug|Any CPU.Build.0 = Debug|Any CPU
		{509D27C0-9223-4E14-9CB5-75456319BBD0}.Release|Any CPU.ActiveCfg = Release|Any CPU
		{509D27C0-9223-4E14-9CB5-75456319BBD0}.Release|Any CPU.Build.0 = Release|Any CPU
		{5E2BA52D-8255-4EBA-A142-28BB623E762D}.Debug|Any CPU.ActiveCfg = Debug|Any CPU
		{5E2BA52D-8255-4EBA-A142-28BB623E762D}.Debug|Any CPU.Build.0 = Debug|Any CPU
		{5E2BA52D-8255-4EBA-A142-28BB623E762D}.Release|Any CPU.ActiveCfg = Release|Any CPU
		{5E2BA52D-8255-4EBA-A142-28BB623E762D}.Release|Any CPU.Build.0 = Release|Any CPU
		{C2A74569-4E1A-4327-BCF9-BD14CDC1F158}.Debug|Any CPU.ActiveCfg = Debug|Any CPU
		{C2A74569-4E1A-4327-BCF9-BD14CDC1F158}.Debug|Any CPU.Build.0 = Debug|Any CPU
		{C2A74569-4E1A-4327-BCF9-BD14CDC1F158}.Release|Any CPU.ActiveCfg = Release|Any CPU
		{C2A74569-4E1A-4327-BCF9-BD14CDC1F158}.Release|Any CPU.Build.0 = Release|Any CPU
		{C74CB993-1169-4AFA-8BBF-94CE7A1EC515}.Debug|Any CPU.ActiveCfg = Debug|Any CPU
		{C74CB993-1169-4AFA-8BBF-94CE7A1EC515}.Debug|Any CPU.Build.0 = Debug|Any CPU
		{C74CB993-1169-4AFA-8BBF-94CE7A1EC515}.Release|Any CPU.ActiveCfg = Release|Any CPU
		{C74CB993-1169-4AFA-8BBF-94CE7A1EC515}.Release|Any CPU.Build.0 = Release|Any CPU
		{22FFAAA3-1116-4CD2-92BD-0D3BFA35399A}.Debug|Any CPU.ActiveCfg = Debug|Any CPU
		{22FFAAA3-1116-4CD2-92BD-0D3BFA35399A}.Debug|Any CPU.Build.0 = Debug|Any CPU
		{22FFAAA3-1116-4CD2-92BD-0D3BFA35399A}.Release|Any CPU.ActiveCfg = Release|Any CPU
		{22FFAAA3-1116-4CD2-92BD-0D3BFA35399A}.Release|Any CPU.Build.0 = Release|Any CPU
		{E953E60A-1FAD-455A-BB77-4B46398C7150}.Debug|Any CPU.ActiveCfg = Debug|Any CPU
		{E953E60A-1FAD-455A-BB77-4B46398C7150}.Debug|Any CPU.Build.0 = Debug|Any CPU
		{E953E60A-1FAD-455A-BB77-4B46398C7150}.Release|Any CPU.ActiveCfg = Release|Any CPU
		{E953E60A-1FAD-455A-BB77-4B46398C7150}.Release|Any CPU.Build.0 = Release|Any CPU
	EndGlobalSection
	GlobalSection(SolutionProperties) = preSolution
		HideSolutionNode = FALSE
	EndGlobalSection
EndGlobal
